
Microsoft Visual Studio Solution File, Format Version 12.00
# Visual Studio Version 17
VisualStudioVersion = 17.1.32228.430
MinimumVisualStudioVersion = 10.0.40219.1
Project("{9A19103F-16F7-4668-BE54-9A1E7A4F7556}") = "LuxWatch.Data", "LuxWatch.Data\LuxWatch.Data.csproj", "{259BF132-98CF-4719-A9AE-57E63FB71564}"
EndProject
Project("{9A19103F-16F7-4668-BE54-9A1E7A4F7556}") = "LuxWatch.Service", "LuxWatch.Service\LuxWatch.Service.csproj", "{06F6E672-14BE-48FF-BF0A-53874E9EB125}"
EndProject
Project("{9A19103F-16F7-4668-BE54-9A1E7A4F7556}") = "LuxWatch.Model", "LuxWatch.Model\LuxWatch.Model.csproj", "{2853826B-E57D-4226-9F5A-1842E1EF7806}"
EndProject
Project("{9A19103F-16F7-4668-BE54-9A1E7A4F7556}") = "LuxWatch.ConsoleAp", "LuxWatch.ConsoleAp\LuxWatch.ConsoleAp.csproj", "{A7C55B1C-09DE-4CD4-8CC8-1F1AD337E226}"
EndProject
Project("{9A19103F-16F7-4668-BE54-9A1E7A4F7556}") = "LuxWatch.DataProcessor", "LuxWatch.DataProcessor\LuxWatch.DataProcessor.csproj", "{2A64CAA2-34AA-4652-93C1-1F8E65C27FB8}"
EndProject
Project("{9A19103F-16F7-4668-BE54-9A1E7A4F7556}") = "LuxWatch.Web.App", "LuxWatch.Web.App\LuxWatch.Web.App.csproj", "{3977CE19-8F5E-497E-A83B-1B9276E91CB0}"
EndProject
Project("{9A19103F-16F7-4668-BE54-9A1E7A4F7556}") = "LuxWatch.FormApp", "LuxWatch.FormApp\LuxWatch.FormApp.csproj", "{5987718A-5051-42A5-8998-4DA67BE3B749}"
EndProject
Global
	GlobalSection(SolutionConfigurationPlatforms) = preSolution
		Debug|Any CPU = Debug|Any CPU
		Release|Any CPU = Release|Any CPU
	EndGlobalSection
	GlobalSection(ProjectConfigurationPlatforms) = postSolution
		{259BF132-98CF-4719-A9AE-57E63FB71564}.Debug|Any CPU.ActiveCfg = Debug|Any CPU
		{259BF132-98CF-4719-A9AE-57E63FB71564}.Debug|Any CPU.Build.0 = Debug|Any CPU
		{259BF132-98CF-4719-A9AE-57E63FB71564}.Release|Any CPU.ActiveCfg = Release|Any CPU
		{259BF132-98CF-4719-A9AE-57E63FB71564}.Release|Any CPU.Build.0 = Release|Any CPU
		{06F6E672-14BE-48FF-BF0A-53874E9EB125}.Debug|Any CPU.ActiveCfg = Debug|Any CPU
		{06F6E672-14BE-48FF-BF0A-53874E9EB125}.Debug|Any CPU.Build.0 = Debug|Any CPU
		{06F6E672-14BE-48FF-BF0A-53874E9EB125}.Release|Any CPU.ActiveCfg = Release|Any CPU
		{06F6E672-14BE-48FF-BF0A-53874E9EB125}.Release|Any CPU.Build.0 = Release|Any CPU
		{2853826B-E57D-4226-9F5A-1842E1EF7806}.Debug|Any CPU.ActiveCfg = Debug|Any CPU
		{2853826B-E57D-4226-9F5A-1842E1EF7806}.Debug|Any CPU.Build.0 = Debug|Any CPU
		{2853826B-E57D-4226-9F5A-1842E1EF7806}.Release|Any CPU.ActiveCfg = Release|Any CPU
		{2853826B-E57D-4226-9F5A-1842E1EF7806}.Release|Any CPU.Build.0 = Release|Any CPU
		{A7C55B1C-09DE-4CD4-8CC8-1F1AD337E226}.Debug|Any CPU.ActiveCfg = Debug|Any CPU
		{A7C55B1C-09DE-4CD4-8CC8-1F1AD337E226}.Debug|Any CPU.Build.0 = Debug|Any CPU
		{A7C55B1C-09DE-4CD4-8CC8-1F1AD337E226}.Release|Any CPU.ActiveCfg = Release|Any CPU
		{A7C55B1C-09DE-4CD4-8CC8-1F1AD337E226}.Release|Any CPU.Build.0 = Release|Any CPU
		{2A64CAA2-34AA-4652-93C1-1F8E65C27FB8}.Debug|Any CPU.ActiveCfg = Debug|Any CPU
		{2A64CAA2-34AA-4652-93C1-1F8E65C27FB8}.Debug|Any CPU.Build.0 = Debug|Any CPU
		{2A64CAA2-34AA-4652-93C1-1F8E65C27FB8}.Release|Any CPU.ActiveCfg = Release|Any CPU
		{2A64CAA2-34AA-4652-93C1-1F8E65C27FB8}.Release|Any CPU.Build.0 = Release|Any CPU
		{3977CE19-8F5E-497E-A83B-1B9276E91CB0}.Debug|Any CPU.ActiveCfg = Debug|Any CPU
		{3977CE19-8F5E-497E-A83B-1B9276E91CB0}.Debug|Any CPU.Build.0 = Debug|Any CPU
		{3977CE19-8F5E-497E-A83B-1B9276E91CB0}.Release|Any CPU.ActiveCfg = Release|Any CPU
		{3977CE19-8F5E-497E-A83B-1B9276E91CB0}.Release|Any CPU.Build.0 = Release|Any CPU
		{5987718A-5051-42A5-8998-4DA67BE3B749}.Debug|Any CPU.ActiveCfg = Debug|Any CPU
		{5987718A-5051-42A5-8998-4DA67BE3B749}.Debug|Any CPU.Build.0 = Debug|Any CPU
		{5987718A-5051-42A5-8998-4DA67BE3B749}.Release|Any CPU.ActiveCfg = Release|Any CPU
		{5987718A-5051-42A5-8998-4DA67BE3B749}.Release|Any CPU.Build.0 = Release|Any CPU
	EndGlobalSection
	GlobalSection(SolutionProperties) = preSolution
		HideSolutionNode = FALSE
	EndGlobalSection
	GlobalSection(ExtensibilityGlobals) = postSolution
		SolutionGuid = {227FB200-9C60-4CBD-A811-21B765DCB6D8}
	EndGlobalSection
EndGlobal
